# @generated by Move, please check-in and do not edit manually.

[move]
version = 3
manifest_digest = "6DF7B17914BCD9CAEBE48EFA6A9F1856C8912FFF0DCDB1AE64A0E7121A49E2B5"
deps_digest = "F8BBB0CCB2491CA29A3DF03D6F92277A4F3574266507ACD77214D37ECA3F3082"
dependencies = [
  { id = "Sui", name = "Sui" },
]

[[move.package]]
id = "MoveStdlib"
source = { git = "https://github.com/MystenLabs/sui.git", rev = "framework/testnet", subdir = "crates/sui-framework/packages/move-stdlib" }

[[move.package]]
id = "Sui"
source = { git = "https://github.com/MystenLabs/sui.git", rev = "framework/testnet", subdir = "crates/sui-framework/packages/sui-framework" }

dependencies = [
  { id = "MoveStdlib", name = "MoveStdlib" },
]

[move.toolchain-version]
compiler-version = "1.37.3"
edition = "2024.beta"
flavor = "sui"

[env]

[env.local]
chain-id = "95cfd493"
original-published-id = "0x031ebdf70f3123ae074f6c2a1d3fc58977190539ca1bb63bae85a5a3934b9974"
latest-published-id = "0x031ebdf70f3123ae074f6c2a1d3fc58977190539ca1bb63bae85a5a3934b9974"
published-version = "1"
